
Microsoft Visual Studio Solution File, Format Version 12.00
# Visual Studio Version 17
VisualStudioVersion = 17.7.34003.232
MinimumVisualStudioVersion = 10.0.40219.1
Project("{FAE04EC0-301F-11D3-BF4B-00C04F79EFBC}") = "WeChatVideoDownload", "WeChatVideoDownload.csproj", "{5A563F1B-C96A-4E72-884B-CEBC5D598742}"
EndProject
Global
	GlobalSection(SolutionConfigurationPlatforms) = preSolution
		Debug|Any CPU = Debug|Any CPU
		Release|Any CPU = Release|Any CPU
	EndGlobalSection
	GlobalSection(ProjectConfigurationPlatforms) = postSolution
		{5A563F1B-C96A-4E72-884B-CEBC5D598742}.Debug|Any CPU.ActiveCfg = Debug|Any CPU
		{5A563F1B-C96A-4E72-884B-CEBC5D598742}.Debug|Any CPU.Build.0 = Debug|Any CPU
		{5A563F1B-C96A-4E72-884B-CEBC5D598742}.Release|Any CPU.ActiveCfg = Release|Any CPU
		{5A563F1B-C96A-4E72-884B-CEBC5D598742}.Release|Any CPU.Build.0 = Release|Any CPU
	EndGlobalSection
	GlobalSection(SolutionProperties) = preSolution
		HideSolutionNode = FALSE
	EndGlobalSection
	GlobalSection(ExtensibilityGlobals) = postSolution
		SolutionGuid = {69D5F457-F333-4A72-AE94-7B3858AAB3C8}
	EndGlobalSection
EndGlobal
